
Microsoft Visual Studio Solution File, Format Version 12.00
# Visual Studio Version 16
VisualStudioVersion = 16.0.31515.178
MinimumVisualStudioVersion = 10.0.40219.1
Project("{9A19103F-16F7-4668-BE54-9A1E7A4F7556}") = "UfyndTest.Api", "UfyndTest.Api\UfyndTest.Api.csproj", "{7510D73D-0AD1-41EA-B6B2-F788101BD9B8}"
EndProject
Project("{FAE04EC0-301F-11D3-BF4B-00C04F79EFBC}") = "UfyndTest.UnitTests", "UfyndTest.UnitTests\UfyndTest.UnitTests.csproj", "{E9751F9E-9EC4-4A77-86C5-BD866112E70B}"
EndProject
Global
	GlobalSection(SolutionConfigurationPlatforms) = preSolution
		Debug|Any CPU = Debug|Any CPU
		Release|Any CPU = Release|Any CPU
	EndGlobalSection
	GlobalSection(ProjectConfigurationPlatforms) = postSolution
		{7510D73D-0AD1-41EA-B6B2-F788101BD9B8}.Debug|Any CPU.ActiveCfg = Debug|Any CPU
		{7510D73D-0AD1-41EA-B6B2-F788101BD9B8}.Debug|Any CPU.Build.0 = Debug|Any CPU
		{7510D73D-0AD1-41EA-B6B2-F788101BD9B8}.Release|Any CPU.ActiveCfg = Release|Any CPU
		{7510D73D-0AD1-41EA-B6B2-F788101BD9B8}.Release|Any CPU.Build.0 = Release|Any CPU
		{E9751F9E-9EC4-4A77-86C5-BD866112E70B}.Debug|Any CPU.ActiveCfg = Debug|Any CPU
		{E9751F9E-9EC4-4A77-86C5-BD866112E70B}.Debug|Any CPU.Build.0 = Debug|Any CPU
		{E9751F9E-9EC4-4A77-86C5-BD866112E70B}.Release|Any CPU.ActiveCfg = Release|Any CPU
		{E9751F9E-9EC4-4A77-86C5-BD866112E70B}.Release|Any CPU.Build.0 = Release|Any CPU
	EndGlobalSection
	GlobalSection(SolutionProperties) = preSolution
		HideSolutionNode = FALSE
	EndGlobalSection
	GlobalSection(ExtensibilityGlobals) = postSolution
		SolutionGuid = {CF53F956-1CB3-454C-A3C0-4A6396820CA2}
	EndGlobalSection
EndGlobal
